
Microsoft Visual Studio Solution File, Format Version 11.00
# Visual Studio 2010
Project("{8BC9CEB8-8B4A-11D0-8D11-00A0C91BC942}") = "SaEBase", "SaEBase\SaEBase.vcxproj", "{FBDBFBAF-53EB-47AF-95F6-57C8BDA0B0F8}"
EndProject
Project("{8BC9CEB8-8B4A-11D0-8D11-00A0C91BC942}") = "TCPServertest", "TCPServertest\TCPServertest.vcxproj", "{B7C905C1-BDD0-4BDE-A095-BD82210941E0}"
EndProject
Project("{8BC9CEB8-8B4A-11D0-8D11-00A0C91BC942}") = "xlogtext", "xlogtext\xlogtext.vcxproj", "{7C6FD3CA-32FD-4DAB-8858-887D6A95BFE1}"
EndProject
Project("{8BC9CEB8-8B4A-11D0-8D11-00A0C91BC942}") = "smartptrTest", "smartptrTest\smartptrTest.vcxproj", "{0FC43AD0-D05E-4AC2-B709-86F06164533B}"
EndProject
Project("{8BC9CEB8-8B4A-11D0-8D11-00A0C91BC942}") = "ontimertest", "ontimertest\ontimertest.vcxproj", "{3BC30BBF-9389-481B-AEEE-7E20EAA80446}"
EndProject
Project("{8BC9CEB8-8B4A-11D0-8D11-00A0C91BC942}") = "testFrame", "testFrame\testFrame.vcxproj", "{AB233F53-30C2-481A-909E-1D96A8F08B89}"
EndProject
Project("{8BC9CEB8-8B4A-11D0-8D11-00A0C91BC942}") = "websocketclient", "websocketclient\websocketclient.vcxproj", "{2B45E629-0362-4DC0-864F-94596D9945FF}"
EndProject
Project("{8BC9CEB8-8B4A-11D0-8D11-00A0C91BC942}") = "inifile", "inifile\inifile.vcxproj", "{1B63959C-01D8-435D-9245-52FE689F4DF0}"
EndProject
Project("{8BC9CEB8-8B4A-11D0-8D11-00A0C91BC942}") = "initest", "initest\initest.vcxproj", "{3CACFB9A-B239-465C-9C15-48BD99BD8923}"
EndProject
Project("{8BC9CEB8-8B4A-11D0-8D11-00A0C91BC942}") = "jsoncpp", "jsoncpp\jsoncpp.vcxproj", "{468F6E8E-75D3-4589-96E5-790513FB3149}"
EndProject
Project("{8BC9CEB8-8B4A-11D0-8D11-00A0C91BC942}") = "testjsocpp", "testjsocpp\testjsocpp.vcxproj", "{D49B784D-4B51-4FBA-BC97-33323269FC08}"
EndProject
Global
	GlobalSection(SolutionConfigurationPlatforms) = preSolution
		Debug|Win32 = Debug|Win32
		Release|Win32 = Release|Win32
	EndGlobalSection
	GlobalSection(ProjectConfigurationPlatforms) = postSolution
		{FBDBFBAF-53EB-47AF-95F6-57C8BDA0B0F8}.Debug|Win32.ActiveCfg = Debug|Win32
		{FBDBFBAF-53EB-47AF-95F6-57C8BDA0B0F8}.Debug|Win32.Build.0 = Debug|Win32
		{FBDBFBAF-53EB-47AF-95F6-57C8BDA0B0F8}.Release|Win32.ActiveCfg = Release|Win32
		{FBDBFBAF-53EB-47AF-95F6-57C8BDA0B0F8}.Release|Win32.Build.0 = Release|Win32
		{B7C905C1-BDD0-4BDE-A095-BD82210941E0}.Debug|Win32.ActiveCfg = Debug|Win32
		{B7C905C1-BDD0-4BDE-A095-BD82210941E0}.Debug|Win32.Build.0 = Debug|Win32
		{B7C905C1-BDD0-4BDE-A095-BD82210941E0}.Release|Win32.ActiveCfg = Release|Win32
		{B7C905C1-BDD0-4BDE-A095-BD82210941E0}.Release|Win32.Build.0 = Release|Win32
		{7C6FD3CA-32FD-4DAB-8858-887D6A95BFE1}.Debug|Win32.ActiveCfg = Debug|Win32
		{7C6FD3CA-32FD-4DAB-8858-887D6A95BFE1}.Debug|Win32.Build.0 = Debug|Win32
		{7C6FD3CA-32FD-4DAB-8858-887D6A95BFE1}.Release|Win32.ActiveCfg = Release|Win32
		{7C6FD3CA-32FD-4DAB-8858-887D6A95BFE1}.Release|Win32.Build.0 = Release|Win32
		{0FC43AD0-D05E-4AC2-B709-86F06164533B}.Debug|Win32.ActiveCfg = Debug|Win32
		{0FC43AD0-D05E-4AC2-B709-86F06164533B}.Debug|Win32.Build.0 = Debug|Win32
		{0FC43AD0-D05E-4AC2-B709-86F06164533B}.Release|Win32.ActiveCfg = Release|Win32
		{0FC43AD0-D05E-4AC2-B709-86F06164533B}.Release|Win32.Build.0 = Release|Win32
		{3BC30BBF-9389-481B-AEEE-7E20EAA80446}.Debug|Win32.ActiveCfg = Debug|Win32
		{3BC30BBF-9389-481B-AEEE-7E20EAA80446}.Debug|Win32.Build.0 = Debug|Win32
		{3BC30BBF-9389-481B-AEEE-7E20EAA80446}.Release|Win32.ActiveCfg = Release|Win32
		{3BC30BBF-9389-481B-AEEE-7E20EAA80446}.Release|Win32.Build.0 = Release|Win32
		{AB233F53-30C2-481A-909E-1D96A8F08B89}.Debug|Win32.ActiveCfg = Debug|Win32
		{AB233F53-30C2-481A-909E-1D96A8F08B89}.Debug|Win32.Build.0 = Debug|Win32
		{AB233F53-30C2-481A-909E-1D96A8F08B89}.Release|Win32.ActiveCfg = Release|Win32
		{AB233F53-30C2-481A-909E-1D96A8F08B89}.Release|Win32.Build.0 = Release|Win32
		{2B45E629-0362-4DC0-864F-94596D9945FF}.Debug|Win32.ActiveCfg = Debug|Win32
		{2B45E629-0362-4DC0-864F-94596D9945FF}.Debug|Win32.Build.0 = Debug|Win32
		{2B45E629-0362-4DC0-864F-94596D9945FF}.Release|Win32.ActiveCfg = Release|Win32
		{2B45E629-0362-4DC0-864F-94596D9945FF}.Release|Win32.Build.0 = Release|Win32
		{1B63959C-01D8-435D-9245-52FE689F4DF0}.Debug|Win32.ActiveCfg = Debug|Win32
		{1B63959C-01D8-435D-9245-52FE689F4DF0}.Debug|Win32.Build.0 = Debug|Win32
		{1B63959C-01D8-435D-9245-52FE689F4DF0}.Release|Win32.ActiveCfg = Release|Win32
		{1B63959C-01D8-435D-9245-52FE689F4DF0}.Release|Win32.Build.0 = Release|Win32
		{3CACFB9A-B239-465C-9C15-48BD99BD8923}.Debug|Win32.ActiveCfg = Debug|Win32
		{3CACFB9A-B239-465C-9C15-48BD99BD8923}.Debug|Win32.Build.0 = Debug|Win32
		{3CACFB9A-B239-465C-9C15-48BD99BD8923}.Release|Win32.ActiveCfg = Release|Win32
		{3CACFB9A-B239-465C-9C15-48BD99BD8923}.Release|Win32.Build.0 = Release|Win32
		{468F6E8E-75D3-4589-96E5-790513FB3149}.Debug|Win32.ActiveCfg = Debug|Win32
		{468F6E8E-75D3-4589-96E5-790513FB3149}.Debug|Win32.Build.0 = Debug|Win32
		{468F6E8E-75D3-4589-96E5-790513FB3149}.Release|Win32.ActiveCfg = Release|Win32
		{468F6E8E-75D3-4589-96E5-790513FB3149}.Release|Win32.Build.0 = Release|Win32
		{D49B784D-4B51-4FBA-BC97-33323269FC08}.Debug|Win32.ActiveCfg = Debug|Win32
		{D49B784D-4B51-4FBA-BC97-33323269FC08}.Debug|Win32.Build.0 = Debug|Win32
		{D49B784D-4B51-4FBA-BC97-33323269FC08}.Release|Win32.ActiveCfg = Release|Win32
		{D49B784D-4B51-4FBA-BC97-33323269FC08}.Release|Win32.Build.0 = Release|Win32
	EndGlobalSection
	GlobalSection(SolutionProperties) = preSolution
		HideSolutionNode = FALSE
	EndGlobalSection
EndGlobal
